{
  "nodes": {
    "caelestia-cli": {
      "inputs": {
        "caelestia-shell": [
          "caelestia-shell"
        ],
        "nixpkgs": [
          "caelestia-shell",
          "nixpkgs"
        ]
      },
      "locked": {
        "lastModified": 1786674943,
        "narHash": "sha256-UwVo4emt9+GDslfabJfCkfO1uOqdhLroqByMEd9RpGk=",
        "owner": "caelestia-dots",
        "repo": "cli",
        "rev": "9857e1a5c4dad637a6220fa4290026559ba86c18",
        "type": "github"
      },
      "original": {
        "owner": "caelestia-dots",
        "repo": "cli",
        "type": "github"
      }
    },
    "caelestia-shell": {
      "inputs": {
        "caelestia-cli": "caelestia-cli",
        "m3shapes": "m3shapes",
        "nixpkgs": [
          "nixpkgs"
        ],
        "quickshell": "quickshell"
      },
      "locked": {
        "lastModified": 1787399447,
        "narHash": "sha256-tCawq0SDSOEhgChvotFnQznxIWR2aItP/fdPJLL+PNI=",
        "owner": "caelestia-dots",
        "repo": "shell",
        "rev": "9e746756f59eed0d5caf4242372f02b83e6b00fa",
        "type": "github"
      },
      "original": {
        "owner": "caelestia-dots",
        "repo": "shell",
        "type": "github"
      }
    },
    "flake-parts": {
      "inputs": {
        "nixpkgs-lib": [
          "tagstudio",
          "nixpkgs"
        ]
      },
      "locked": {
        "lastModified": 1782949081,
        "narHash": "sha256-vp6Y/Grm98ESt6ceOkWiHWyZRDV3J1RID4w+6NWK9yA=",
        "owner": "hercules-ci",
        "repo": "flake-parts",
        "rev": "17c9d6cdfc60c64f4ee8d306f9bc0b4ccb51481e",
        "type": "github"
      },
      "original": {
        "owner": "hercules-ci",
        "repo": "flake-parts",
        "type": "github"
      }
    },
    "m3shapes": {
      "flake": false,
      "locked": {
        "lastModified": 1781017666,
        "narHash": "sha256-kfHyzZaPHgqZML48OA+5JwBOsLdQJ2ci/aGPShvUB4Y=",
        "owner": "soramanew",
        "repo": "m3shapes",
        "rev": "bdc327b29f95394a732baf3c9b19658ba23755b6",
        "type": "github"
      },
      "original": {
        "owner": "soramanew",
        "repo": "m3shapes",
        "rev": "bdc327b29f95394a732baf3c9b19658ba23755b6",
        "type": "github"
      }
    },
    "nixpkgs": {
      "locked": {
        "lastModified": 1787360063,
        "narHash": "sha256-dt4WdcvsA8/RCe+VZZwqU0X+XMM3wBbGCWA0/sFWzGo=",
        "owner": "nixos",
        "repo": "nixpkgs",
        "rev": "2c423e03bbafcff28bfadc6781a4a8257f205cb5",
        "type": "github"
      },
      "original": {
        "owner": "nixos",
        "ref": "nixos-unstable",
        "repo": "nixpkgs",
        "type": "github"
      }
    },
    "quickshell": {
      "inputs": {
        "nixpkgs": [
          "caelestia-shell",
          "nixpkgs"
        ]
      },
      "locked": {
        "lastModified": 1785704021,
        "narHash": "sha256-eQtczKMAS4ItlB4pr1B3MqBZiyRVl2nkqNdtyRSQMa8=",
        "ref": "refs/heads/master",
        "rev": "28771c7c74b42e20afca0b1b63980cb46515537c",
        "revCount": 835,
        "type": "git",
        "url": "https://git.outfoxxed.me/outfoxxed/quickshell"
      },
      "original": {
        "type": "git",
        "url": "https://git.outfoxxed.me/outfoxxed/quickshell"
      }
    },
    "root": {
      "inputs": {
        "caelestia-shell": "caelestia-shell",
        "nixpkgs": "nixpkgs",
        "tagstudio": "tagstudio",
        "zen-browser": "zen-browser"
      }
    },
    "systems": {
      "locked": {
        "lastModified": 1681028828,
        "narHash": "sha256-Vy1rq5AaRuLzOxct8nz4T6wlgyUR7zLU309k9mBC768=",
        "owner": "nix-systems",
        "repo": "default",
        "rev": "da67096a3b9bf56a91d16901293e51ba5b49a27e",
        "type": "github"
      },
      "original": {
        "owner": "nix-systems",
        "repo": "default",
        "type": "github"
      }
    },
    "tagstudio": {
      "inputs": {
        "flake-parts": "flake-parts",
        "nixpkgs": [
          "nixpkgs"
        ],
        "systems": "systems"
      },
      "locked": {
        "lastModified": 1787375423,
        "narHash": "sha256-4BgHqOCb2JNEJCqKPr29xmEd1FqrxlMKHpRUWOFYviA=",
        "owner": "TagStudioDev",
        "repo": "TagStudio",
        "rev": "f978ae1ea1f4e6c13c4257e145b8ec0b1b449453",
        "type": "github"
      },
      "original": {
        "owner": "TagStudioDev",
        "repo": "TagStudio",
        "type": "github"
      }
    },
    "zen-browser": {
      "inputs": {
        "nixpkgs": [
          "nixpkgs"
        ]
      },
      "locked": {
        "lastModified": 1787200418,
        "narHash": "sha256-4d24Wa/CO8WsSEjKwzFwJXn+oxbI4Bm8xuMR77xJgYI=",
        "owner": "youwen5",
        "repo": "zen-browser-flake",
        "rev": "20195bc99e82b02abe82bb81ac366ae81c67dc5a",
        "type": "github"
      },
      "original": {
        "owner": "youwen5",
        "repo": "zen-browser-flake",
        "type": "github"
      }
    }
  },
  "root": "root",
  "version": 7
}
